// !$*UTF8*$!
{
	archiveVersion = 1;
	classes = {
	};
	objectVersion = 48;
	objects = {

/* Begin PBXBuildFile section */
		671086F4BEE14B1D6041AB56 /* Pods_Currency_Calculator.framework in Frameworks */ = {isa = PBXBuildFile; fileRef = 5042AB69D49B78183D282DAE /* Pods_Currency_Calculator.framework */; };
		8D81C1DA2026061800E4A51C /* AppDelegate.swift in Sources */ = {isa = PBXBuildFile; fileRef = 8D81C1D92026061800E4A51C /* AppDelegate.swift */; };
		8D81C1DC2026061900E4A51C /* ViewController.swift in Sources */ = {isa = PBXBuildFile; fileRef = 8D81C1DB2026061900E4A51C /* ViewController.swift */; };
		8D81C1DF2026061900E4A51C /* Main.storyboard in Resources */ = {isa = PBXBuildFile; fileRef = 8D81C1DD2026061900E4A51C /* Main.storyboard */; };
		8D81C1E12026061900E4A51C /* Assets.xcassets in Resources */ = {isa = PBXBuildFile; fileRef = 8D81C1E02026061900E4A51C /* Assets.xcassets */; };
		8D81C1E42026061900E4A51C /* LaunchScreen.storyboard in Resources */ = {isa = PBXBuildFile; fileRef = 8D81C1E22026061900E4A51C /* LaunchScreen.storyboard */; };
		8D81C1ED2026075400E4A51C /* Client.swift in Sources */ = {isa = PBXBuildFile; fileRef = 8D81C1EC2026075400E4A51C /* Client.swift */; };
		8D81C1F02027136F00E4A51C /* Calculator.swift in Sources */ = {isa = PBXBuildFile; fileRef = 8D81C1EF2027136F00E4A51C /* Calculator.swift */; };
		8D81C1F720278C3D00E4A51C /* CurrencyPickerViewController.swift in Sources */ = {isa = PBXBuildFile; fileRef = 8D81C1F520278C3D00E4A51C /* CurrencyPickerViewController.swift */; };
		8D81C1F820278C3D00E4A51C /* CurrencyPickerViewController.xib in Resources */ = {isa = PBXBuildFile; fileRef = 8D81C1F620278C3D00E4A51C /* CurrencyPickerViewController.xib */; };
		8D81C1FB20279E0C00E4A51C /* ActionSheetAnimator.swift in Sources */ = {isa = PBXBuildFile; fileRef = 8D81C1FA20279E0C00E4A51C /* ActionSheetAnimator.swift */; };
		8D81C2002028438F00E4A51C /* Exchange.swift in Sources */ = {isa = PBXBuildFile; fileRef = 8D81C1FF2028438F00E4A51C /* Exchange.swift */; };
		8D81C203202867A200E4A51C /* Extensions.swift in Sources */ = {isa = PBXBuildFile; fileRef = 8D81C202202867A200E4A51C /* Extensions.swift */; };
/* End PBXBuildFile section */

/* Begin PBXFileReference section */
		2BEBF5D9455FAF9C544A222F /* Pods-Currency Calculator.release.xcconfig */ = {isa = PBXFileReference; includeInIndex = 1; lastKnownFileType = text.xcconfig; name = "Pods-Currency Calculator.release.xcconfig"; path = "Pods/Target Support Files/Pods-Currency Calculator/Pods-Currency Calculator.release.xcconfig"; sourceTree = "<group>"; };
		5042AB69D49B78183D282DAE /* Pods_Currency_Calculator.framework */ = {isa = PBXFileReference; explicitFileType = wrapper.framework; includeInIndex = 0; path = Pods_Currency_Calculator.framework; sourceTree = BUILT_PRODUCTS_DIR; };
		5B4F2114BC95F25323A2D254 /* Pods-Currency Calculator.debug.xcconfig */ = {isa = PBXFileReference; includeInIndex = 1; lastKnownFileType = text.xcconfig; name = "Pods-Currency Calculator.debug.xcconfig"; path = "Pods/Target Support Files/Pods-Currency Calculator/Pods-Currency Calculator.debug.xcconfig"; sourceTree = "<group>"; };
		8D81C1D62026061800E4A51C /* Currency Calculator.app */ = {isa = PBXFileReference; explicitFileType = wrapper.application; includeInIndex = 0; path = "Currency Calculator.app"; sourceTree = BUILT_PRODUCTS_DIR; };
		8D81C1D92026061800E4A51C /* AppDelegate.swift */ = {isa = PBXFileReference; lastKnownFileType = sourcecode.swift; path = AppDelegate.swift; sourceTree = "<group>"; };
		8D81C1DB2026061900E4A51C /* ViewController.swift */ = {isa = PBXFileReference; lastKnownFileType = sourcecode.swift; path = ViewController.swift; sourceTree = "<group>"; };
		8D81C1DE2026061900E4A51C /* Base */ = {isa = PBXFileReference; lastKnownFileType = file.storyboard; name = Base; path = Base.lproj/Main.storyboard; sourceTree = "<group>"; };
		8D81C1E02026061900E4A51C /* Assets.xcassets */ = {isa = PBXFileReference; lastKnownFileType = folder.assetcatalog; path = Assets.xcassets; sourceTree = "<group>"; };
		8D81C1E32026061900E4A51C /* Base */ = {isa = PBXFileReference; lastKnownFileType = file.storyboard; name = Base; path = Base.lproj/LaunchScreen.storyboard; sourceTree = "<group>"; };
		8D81C1E52026061900E4A51C /* Info.plist */ = {isa = PBXFileReference; lastKnownFileType = text.plist.xml; path = Info.plist; sourceTree = "<group>"; };
		8D81C1EC2026075400E4A51C /* Client.swift */ = {isa = PBXFileReference; lastKnownFileType = sourcecode.swift; path = Client.swift; sourceTree = "<group>"; };
		8D81C1EF2027136F00E4A51C /* Calculator.swift */ = {isa = PBXFileReference; lastKnownFileType = sourcecode.swift; path = Calculator.swift; sourceTree = "<group>"; };
		8D81C1F520278C3D00E4A51C /* CurrencyPickerViewController.swift */ = {isa = PBXFileReference; lastKnownFileType = sourcecode.swift; path = CurrencyPickerViewController.swift; sourceTree = "<group>"; };
		8D81C1F620278C3D00E4A51C /* CurrencyPickerViewController.xib */ = {isa = PBXFileReference; lastKnownFileType = file.xib; path = CurrencyPickerViewController.xib; sourceTree = "<group>"; };
		8D81C1FA20279E0C00E4A51C /* ActionSheetAnimator.swift */ = {isa = PBXFileReference; lastKnownFileType = sourcecode.swift; path = ActionSheetAnimator.swift; sourceTree = "<group>"; };
		8D81C1FF2028438F00E4A51C /* Exchange.swift */ = {isa = PBXFileReference; lastKnownFileType = sourcecode.swift; path = Exchange.swift; sourceTree = "<group>"; };
		8D81C202202867A200E4A51C /* Extensions.swift */ = {isa = PBXFileReference; lastKnownFileType = sourcecode.swift; path = Extensions.swift; sourceTree = "<group>"; };
/* End PBXFileReference section */

/* Begin PBXFrameworksBuildPhase section */
		8D81C1D32026061800E4A51C /* Frameworks */ = {
			isa = PBXFrameworksBuildPhase;
			buildActionMask = 2147483647;
			files = (
				671086F4BEE14B1D6041AB56 /* Pods_Currency_Calculator.framework in Frameworks */,
			);
			runOnlyForDeploymentPostprocessing = 0;
		};
/* End PBXFrameworksBuildPhase section */

/* Begin PBXGroup section */
		36B5BAF10FD7D85A53B4601D /* Pods */ = {
			isa = PBXGroup;
			children = (
				5B4F2114BC95F25323A2D254 /* Pods-Currency Calculator.debug.xcconfig */,
				2BEBF5D9455FAF9C544A222F /* Pods-Currency Calculator.release.xcconfig */,
			);
			name = Pods;
			sourceTree = "<group>";
		};
		80CB9B9935DF6E0402539A74 /* Frameworks */ = {
			isa = PBXGroup;
			children = (
				5042AB69D49B78183D282DAE /* Pods_Currency_Calculator.framework */,
			);
			name = Frameworks;
			sourceTree = "<group>";
		};
		8D81C1CD2026061800E4A51C = {
			isa = PBXGroup;
			children = (
				8D81C1D82026061800E4A51C /* Currency Calculator */,
				8D81C1D72026061800E4A51C /* Products */,
				36B5BAF10FD7D85A53B4601D /* Pods */,
				80CB9B9935DF6E0402539A74 /* Frameworks */,
			);
			sourceTree = "<group>";
		};
		8D81C1D72026061800E4A51C /* Products */ = {
			isa = PBXGroup;
			children = (
				8D81C1D62026061800E4A51C /* Currency Calculator.app */,
			);
			name = Products;
			sourceTree = "<group>";
		};
		8D81C1D82026061800E4A51C /* Currency Calculator */ = {
			isa = PBXGroup;
			children = (
				8D81C2012028679300E4A51C /* Utils */,
				8D81C1F920279CE500E4A51C /* Animators */,
				8D81C1EB2026072E00E4A51C /* Backend */,
				8D81C1FC2028434700E4A51C /* Models */,
				8D81C1EE2027132800E4A51C /* View Models */,
				8D81C1F420278C0A00E4A51C /* Controllers */,
				8D81C1D92026061800E4A51C /* AppDelegate.swift */,
				8D81C1DD2026061900E4A51C /* Main.storyboard */,
				8D81C1E02026061900E4A51C /* Assets.xcassets */,
				8D81C1E22026061900E4A51C /* LaunchScreen.storyboard */,
				8D81C1E52026061900E4A51C /* Info.plist */,
			);
			path = "Currency Calculator";
			sourceTree = "<group>";
		};
		8D81C1EB2026072E00E4A51C /* Backend */ = {
			isa = PBXGroup;
			children = (
				8D81C1EC2026075400E4A51C /* Client.swift */,
			);
			path = Backend;
			sourceTree = "<group>";
		};
		8D81C1EE2027132800E4A51C /* View Models */ = {
			isa = PBXGroup;
			children = (
				8D81C1EF2027136F00E4A51C /* Calculator.swift */,
			);
			path = "View Models";
			sourceTree = "<group>";
		};
		8D81C1F420278C0A00E4A51C /* Controllers */ = {
			isa = PBXGroup;
			children = (
				8D81C1DB2026061900E4A51C /* ViewController.swift */,
				8D81C1F520278C3D00E4A51C /* CurrencyPickerViewController.swift */,
				8D81C1F620278C3D00E4A51C /* CurrencyPickerViewController.xib */,
			);
			path = Controllers;
			sourceTree = "<group>";
		};
		8D81C1F920279CE500E4A51C /* Animators */ = {
			isa = PBXGroup;
			children = (
				8D81C1FA20279E0C00E4A51C /* ActionSheetAnimator.swift */,
			);
			path = Animators;
			sourceTree = "<group>";
		};
		8D81C1FC2028434700E4A51C /* Models */ = {
			isa = PBXGroup;
			children = (
				8D81C1FF2028438F00E4A51C /* Exchange.swift */,
			);
			path = Models;
			sourceTree = "<group>";
		};
		8D81C2012028679300E4A51C /* Utils */ = {
			isa = PBXGroup;
			children = (
				8D81C202202867A200E4A51C /* Extensions.swift */,
			);
			path = Utils;
			sourceTree = "<group>";
		};
/* End PBXGroup section */

/* Begin PBXNativeTarget section */
		8D81C1D52026061800E4A51C /* Currency Calculator */ = {
			isa = PBXNativeTarget;
			buildConfigurationList = 8D81C1E82026061900E4A51C /* Build configuration list for PBXNativeTarget "Currency Calculator" */;
			buildPhases = (
				1596A7C961BC1381163E0268 /* [CP] Check Pods Manifest.lock */,
				8D81C1D22026061800E4A51C /* Sources */,
				8D81C1D32026061800E4A51C /* Frameworks */,
				8D81C1D42026061800E4A51C /* Resources */,
				28D1FC716EEC849C9A8C4B8C /* [CP] Embed Pods Frameworks */,
				480AE79897CBD0C75F070C8A /* [CP] Copy Pods Resources */,
			);
			buildRules = (
			);
			dependencies = (
			);
			name = "Currency Calculator";
			productName = "Currency Calculator";
			productReference = 8D81C1D62026061800E4A51C /* Currency Calculator.app */;
			productType = "com.apple.product-type.application";
		};
/* End PBXNativeTarget section */

/* Begin PBXProject section */
		8D81C1CE2026061800E4A51C /* Project object */ = {
			isa = PBXProject;
			attributes = {
				LastSwiftUpdateCheck = 0920;
				LastUpgradeCheck = 0920;
				ORGANIZATIONNAME = "Pantelis Giazitsis";
				TargetAttributes = {
					8D81C1D52026061800E4A51C = {
						CreatedOnToolsVersion = 9.2;
						ProvisioningStyle = Automatic;
					};
				};
			};
			buildConfigurationList = 8D81C1D12026061800E4A51C /* Build configuration list for PBXProject "Currency Calculator" */;
			compatibilityVersion = "Xcode 8.0";
			developmentRegion = en;
			hasScannedForEncodings = 0;
			knownRegions = (
				en,
				Base,
			);
			mainGroup = 8D81C1CD2026061800E4A51C;
			productRefGroup = 8D81C1D72026061800E4A51C /* Products */;
			projectDirPath = "";
			projectRoot = "";
			targets = (
				8D81C1D52026061800E4A51C /* Currency Calculator */,
			);
		};
/* End PBXProject section */

/* Begin PBXResourcesBuildPhase section */
		8D81C1D42026061800E4A51C /* Resources */ = {
			isa = PBXResourcesBuildPhase;
			buildActionMask = 2147483647;
			files = (
				8D81C1E42026061900E4A51C /* LaunchScreen.storyboard in Resources */,
				8D81C1E12026061900E4A51C /* Assets.xcassets in Resources */,
				8D81C1F820278C3D00E4A51C /* CurrencyPickerViewController.xib in Resources */,
				8D81C1DF2026061900E4A51C /* Main.storyboard in Resources */,
			);
			runOnlyForDeploymentPostprocessing = 0;
		};
/* End PBXResourcesBuildPhase section */

/* Begin PBXShellScriptBuildPhase section */
		1596A7C961BC1381163E0268 /* [CP] Check Pods Manifest.lock */ = {
			isa = PBXShellScriptBuildPhase;
			buildActionMask = 2147483647;
			files = (
			);
			inputPaths = (
				"${PODS_PODFILE_DIR_PATH}/Podfile.lock",
				"${PODS_ROOT}/Manifest.lock",
			);
			name = "[CP] Check Pods Manifest.lock";
			outputPaths = (
				"$(DERIVED_FILE_DIR)/Pods-Currency Calculator-checkManifestLockResult.txt",
			);
			runOnlyForDeploymentPostprocessing = 0;
			shellPath = /bin/sh;
			shellScript = "diff \"${PODS_PODFILE_DIR_PATH}/Podfile.lock\" \"${PODS_ROOT}/Manifest.lock\" > /dev/null\nif [ $? != 0 ] ; then\n    # print error to STDERR\n    echo \"error: The sandbox is not in sync with the Podfile.lock. Run 'pod install' or update your CocoaPods installation.\" >&2\n    exit 1\nfi\n# This output is used by Xcode 'outputs' to avoid re-running this script phase.\necho \"SUCCESS\" > \"${SCRIPT_OUTPUT_FILE_0}\"\n";
			showEnvVarsInLog = 0;
		};
		28D1FC716EEC849C9A8C4B8C /* [CP] Embed Pods Frameworks */ = {
			isa = PBXShellScriptBuildPhase;
			buildActionMask = 2147483647;
			files = (
			);
			inputPaths = (
				"${SRCROOT}/Pods/Target Support Files/Pods-Currency Calculator/Pods-Currency Calculator-frameworks.sh",
				"${BUILT_PRODUCTS_DIR}/Alamofire/Alamofire.framework",
				"${BUILT_PRODUCTS_DIR}/MBProgressHUD/MBProgressHUD.framework",
			);
			name = "[CP] Embed Pods Frameworks";
			outputPaths = (
				"${TARGET_BUILD_DIR}/${FRAMEWORKS_FOLDER_PATH}/Alamofire.framework",
				"${TARGET_BUILD_DIR}/${FRAMEWORKS_FOLDER_PATH}/MBProgressHUD.framework",
			);
			runOnlyForDeploymentPostprocessing = 0;
			shellPath = /bin/sh;
			shellScript = "\"${SRCROOT}/Pods/Target Support Files/Pods-Currency Calculator/Pods-Currency Calculator-frameworks.sh\"\n";
			showEnvVarsInLog = 0;
		};
		480AE79897CBD0C75F070C8A /* [CP] Copy Pods Resources */ = {
			isa = PBXShellScriptBuildPhase;
			buildActionMask = 2147483647;
			files = (
			);
			inputPaths = (
			);
			name = "[CP] Copy Pods Resources";
			outputPaths = (
			);
			runOnlyForDeploymentPostprocessing = 0;
			shellPath = /bin/sh;
			shellScript = "\"${SRCROOT}/Pods/Target Support Files/Pods-Currency Calculator/Pods-Currency Calculator-resources.sh\"\n";
			showEnvVarsInLog = 0;
		};
/* End PBXShellScriptBuildPhase section */

/* Begin PBXSourcesBuildPhase section */
		8D81C1D22026061800E4A51C /* Sources */ = {
			isa = PBXSourcesBuildPhase;
			buildActionMask = 2147483647;
			files = (
				8D81C1DC2026061900E4A51C /* ViewController.swift in Sources */,
				8D81C1F02027136F00E4A51C /* Calculator.swift in Sources */,
				8D81C1DA2026061800E4A51C /* AppDelegate.swift in Sources */,
				8D81C203202867A200E4A51C /* Extensions.swift in Sources */,
				8D81C1F720278C3D00E4A51C /* CurrencyPickerViewController.swift in Sources */,
				8D81C1FB20279E0C00E4A51C /* ActionSheetAnimator.swift in Sources */,
				8D81C1ED2026075400E4A51C /* Client.swift in Sources */,
				8D81C2002028438F00E4A51C /* Exchange.swift in Sources */,
			);
			runOnlyForDeploymentPostprocessing = 0;
		};
/* End PBXSourcesBuildPhase section */

/* Begin PBXVariantGroup section */
		8D81C1DD2026061900E4A51C /* Main.storyboard */ = {
			isa = PBXVariantGroup;
			children = (
				8D81C1DE2026061900E4A51C /* Base */,
			);
			name = Main.storyboard;
			sourceTree = "<group>";
		};
		8D81C1E22026061900E4A51C /* LaunchScreen.storyboard */ = {
			isa = PBXVariantGroup;
			children = (
				8D81C1E32026061900E4A51C /* Base */,
			);
			name = LaunchScreen.storyboard;
			sourceTree = "<group>";
		};
/* End PBXVariantGroup section */

/* Begin XCBuildConfiguration section */
		8D81C1E62026061900E4A51C /* Debug */ = {
			isa = XCBuildConfiguration;
			buildSettings = {
				ALWAYS_SEARCH_USER_PATHS = NO;
				CLANG_ANALYZER_NONNULL = YES;
				CLANG_ANALYZER_NUMBER_OBJECT_CONVERSION = YES_AGGRESSIVE;
				CLANG_CXX_LANGUAGE_STANDARD = "gnu++14";
				CLANG_CXX_LIBRARY = "libc++";
				CLANG_ENABLE_MODULES = YES;
				CLANG_ENABLE_OBJC_ARC = YES;
				CLANG_WARN_BLOCK_CAPTURE_AUTORELEASING = YES;
				CLANG_WARN_BOOL_CONVERSION = YES;
				CLANG_WARN_COMMA = YES;
				CLANG_WARN_CONSTANT_CONVERSION = YES;
				CLANG_WARN_DIRECT_OBJC_ISA_USAGE = YES_ERROR;
				CLANG_WARN_DOCUMENTATION_COMMENTS = YES;
				CLANG_WARN_EMPTY_BODY = YES;
				CLANG_WARN_ENUM_CONVERSION = YES;
				CLANG_WARN_INFINITE_RECURSION = YES;
				CLANG_WARN_INT_CONVERSION = YES;
				CLANG_WARN_NON_LITERAL_NULL_CONVERSION = YES;
				CLANG_WARN_OBJC_LITERAL_CONVERSION = YES;
				CLANG_WARN_OBJC_ROOT_CLASS = YES_ERROR;
				CLANG_WARN_RANGE_LOOP_ANALYSIS = YES;
				CLANG_WARN_STRICT_PROTOTYPES = YES;
				CLANG_WARN_SUSPICIOUS_MOVE = YES;
				CLANG_WARN_UNGUARDED_AVAILABILITY = YES_AGGRESSIVE;
				CLANG_WARN_UNREACHABLE_CODE = YES;
				CLANG_WARN__DUPLICATE_METHOD_MATCH = YES;
				CODE_SIGN_IDENTITY = "iPhone Developer";
				COPY_PHASE_STRIP = NO;
				DEBUG_INFORMATION_FORMAT = dwarf;
				ENABLE_STRICT_OBJC_MSGSEND = YES;
				ENABLE_TESTABILITY = YES;
				GCC_C_LANGUAGE_STANDARD = gnu11;
				GCC_DYNAMIC_NO_PIC = NO;
				GCC_NO_COMMON_BLOCKS = YES;
				GCC_OPTIMIZATION_LEVEL = 0;
				GCC_PREPROCESSOR_DEFINITIONS = (
					"DEBUG=1",
					"$(inherited)",
				);
				GCC_WARN_64_TO_32_BIT_CONVERSION = YES;
				GCC_WARN_ABOUT_RETURN_TYPE = YES_ERROR;
				GCC_WARN_UNDECLARED_SELECTOR = YES;
				GCC_WARN_UNINITIALIZED_AUTOS = YES_AGGRESSIVE;
				GCC_WARN_UNUSED_FUNCTION = YES;
				GCC_WARN_UNUSED_VARIABLE = YES;
				IPHONEOS_DEPLOYMENT_TARGET = 11.2;
				MTL_ENABLE_DEBUG_INFO = YES;
				ONLY_ACTIVE_ARCH = YES;
				SDKROOT = iphoneos;
				SWIFT_ACTIVE_COMPILATION_CONDITIONS = DEBUG;
				SWIFT_OPTIMIZATION_LEVEL = "-Onone";
			};
			name = Debug;
		};
		8D81C1E72026061900E4A51C /* Release */ = {
			isa = XCBuildConfiguration;
			buildSettings = {
				ALWAYS_SEARCH_USER_PATHS = NO;
				CLANG_ANALYZER_NONNULL = YES;
				CLANG_ANALYZER_NUMBER_OBJECT_CONVERSION = YES_AGGRESSIVE;
				CLANG_CXX_LANGUAGE_STANDARD = "gnu++14";
				CLANG_CXX_LIBRARY = "libc++";
				CLANG_ENABLE_MODULES = YES;
				CLANG_ENABLE_OBJC_ARC = YES;
				CLANG_WARN_BLOCK_CAPTURE_AUTORELEASING = YES;
				CLANG_WARN_BOOL_CONVERSION = YES;
				CLANG_WARN_COMMA = YES;
				CLANG_WARN_CONSTANT_CONVERSION = YES;
				CLANG_WARN_DIRECT_OBJC_ISA_USAGE = YES_ERROR;
				CLANG_WARN_DOCUMENTATION_COMMENTS = YES;
				CLANG_WARN_EMPTY_BODY = YES;
				CLANG_WARN_ENUM_CONVERSION = YES;
				CLANG_WARN_INFINITE_RECURSION = YES;
				CLANG_WARN_INT_CONVERSION = YES;
				CLANG_WARN_NON_LITERAL_NULL_CONVERSION = YES;
				CLANG_WARN_OBJC_LITERAL_CONVERSION = YES;
				CLANG_WARN_OBJC_ROOT_CLASS = YES_ERROR;
				CLANG_WARN_RANGE_LOOP_ANALYSIS = YES;
				CLANG_WARN_STRICT_PROTOTYPES = YES;
				CLANG_WARN_SUSPICIOUS_MOVE = YES;
				CLANG_WARN_UNGUARDED_AVAILABILITY = YES_AGGRESSIVE;
				CLANG_WARN_UNREACHABLE_CODE = YES;
				CLANG_WARN__DUPLICATE_METHOD_MATCH = YES;
				CODE_SIGN_IDENTITY = "iPhone Developer";
				COPY_PHASE_STRIP = NO;
				DEBUG_INFORMATION_FORMAT = "dwarf-with-dsym";
				ENABLE_NS_ASSERTIONS = NO;
				ENABLE_STRICT_OBJC_MSGSEND = YES;
				GCC_C_LANGUAGE_STANDARD = gnu11;
				GCC_NO_COMMON_BLOCKS = YES;
				GCC_WARN_64_TO_32_BIT_CONVERSION = YES;
				GCC_WARN_ABOUT_RETURN_TYPE = YES_ERROR;
				GCC_WARN_UNDECLARED_SELECTOR = YES;
				GCC_WARN_UNINITIALIZED_AUTOS = YES_AGGRESSIVE;
				GCC_WARN_UNUSED_FUNCTION = YES;
				GCC_WARN_UNUSED_VARIABLE = YES;
				IPHONEOS_DEPLOYMENT_TARGET = 11.2;
				MTL_ENABLE_DEBUG_INFO = NO;
				SDKROOT = iphoneos;
				SWIFT_OPTIMIZATION_LEVEL = "-Owholemodule";
				VALIDATE_PRODUCT = YES;
			};
			name = Release;
		};
		8D81C1E92026061900E4A51C /* Debug */ = {
			isa = XCBuildConfiguration;
			baseConfigurationReference = 5B4F2114BC95F25323A2D254 /* Pods-Currency Calculator.debug.xcconfig */;
			buildSettings = {
				ASSETCATALOG_COMPILER_APPICON_NAME = AppIcon;
				CODE_SIGN_STYLE = Automatic;
				DEVELOPMENT_TEAM = YP4X3JV5Z5;
				INFOPLIST_FILE = "Currency Calculator/Info.plist";
				LD_RUNPATH_SEARCH_PATHS = "$(inherited) @executable_path/Frameworks";
				PRODUCT_BUNDLE_IDENTIFIER = "com.pgiazitsis.Currency-Calculator";
				PRODUCT_NAME = "$(TARGET_NAME)";
				SWIFT_VERSION = 4.0;
				TARGETED_DEVICE_FAMILY = 1;
			};
			name = Debug;
		};
		8D81C1EA2026061900E4A51C /* Release */ = {
			isa = XCBuildConfiguration;
			baseConfigurationReference = 2BEBF5D9455FAF9C544A222F /* Pods-Currency Calculator.release.xcconfig */;
			buildSettings = {
				ASSETCATALOG_COMPILER_APPICON_NAME = AppIcon;
				CODE_SIGN_STYLE = Automatic;
				DEVELOPMENT_TEAM = YP4X3JV5Z5;
				INFOPLIST_FILE = "Currency Calculator/Info.plist";
				LD_RUNPATH_SEARCH_PATHS = "$(inherited) @executable_path/Frameworks";
				PRODUCT_BUNDLE_IDENTIFIER = "com.pgiazitsis.Currency-Calculator";
				PRODUCT_NAME = "$(TARGET_NAME)";
				SWIFT_VERSION = 4.0;
				TARGETED_DEVICE_FAMILY = 1;
			};
			name = Release;
		};
/* End XCBuildConfiguration section */

/* Begin XCConfigurationList section */
		8D81C1D12026061800E4A51C /* Build configuration list for PBXProject "Currency Calculator" */ = {
			isa = XCConfigurationList;
			buildConfigurations = (
				8D81C1E62026061900E4A51C /* Debug */,
				8D81C1E72026061900E4A51C /* Release */,
			);
			defaultConfigurationIsVisible = 0;
			defaultConfigurationName = Release;
		};
		8D81C1E82026061900E4A51C /* Build configuration list for PBXNativeTarget "Currency Calculator" */ = {
			isa = XCConfigurationList;
			buildConfigurations = (
				8D81C1E92026061900E4A51C /* Debug */,
				8D81C1EA2026061900E4A51C /* Release */,
			);
			defaultConfigurationIsVisible = 0;
			defaultConfigurationName = Release;
		};
/* End XCConfigurationList section */
	};
	rootObject = 8D81C1CE2026061800E4A51C /* Project object */;
}
